
Microsoft Visual Studio Solution File, Format Version 12.00
# Visual Studio Version 17
VisualStudioVersion = 17.8.34330.188
MinimumVisualStudioVersion = 10.0.40219.1
Project("{FAE04EC0-301F-11D3-BF4B-00C04F79EFBC}") = "CSTestRailway", "CSTestRailway.csproj", "{7E5D1B76-E5EB-4CE4-94B4-F5E6530BA5B6}"
EndProject
Global
	GlobalSection(SolutionConfigurationPlatforms) = preSolution
		Debug|Any CPU = Debug|Any CPU
		Release|Any CPU = Release|Any CPU
	EndGlobalSection
	GlobalSection(ProjectConfigurationPlatforms) = postSolution
		{7E5D1B76-E5EB-4CE4-94B4-F5E6530BA5B6}.Debug|Any CPU.ActiveCfg = Debug|Any CPU
		{7E5D1B76-E5EB-4CE4-94B4-F5E6530BA5B6}.Debug|Any CPU.Build.0 = Debug|Any CPU
		{7E5D1B76-E5EB-4CE4-94B4-F5E6530BA5B6}.Release|Any CPU.ActiveCfg = Release|Any CPU
		{7E5D1B76-E5EB-4CE4-94B4-F5E6530BA5B6}.Release|Any CPU.Build.0 = Release|Any CPU
	EndGlobalSection
	GlobalSection(SolutionProperties) = preSolution
		HideSolutionNode = FALSE
	EndGlobalSection
	GlobalSection(ExtensibilityGlobals) = postSolution
		SolutionGuid = {77CC88F7-3EB2-4BE5-A587-996F9AB11685}
	EndGlobalSection
EndGlobal
